// !$*UTF8*$!
{
	archiveVersion = 1;
	classes = {
	};
	objectVersion = 56;
	objects = {

/* Begin PBXBuildFile section */
		126AE8CB2C6B2AC4001A8565 /* SearchViewModal.swift in Sources */ = {isa = PBXBuildFile; fileRef = 126AE8CA2C6B2AC4001A8565 /* SearchViewModal.swift */; };
		126AE8CE2C6B30AA001A8565 /* Follower.swift in Sources */ = {isa = PBXBuildFile; fileRef = 126AE8CD2C6B30AA001A8565 /* Follower.swift */; };
		126AE8D02C6B3188001A8565 /* User.swift in Sources */ = {isa = PBXBuildFile; fileRef = 126AE8CF2C6B3188001A8565 /* User.swift */; };
		126AE8DC2C6B475B001A8565 /* NetworkManager.swift in Sources */ = {isa = PBXBuildFile; fileRef = 126AE8DB2C6B475B001A8565 /* NetworkManager.swift */; };
		126AE8EA2C6DDC1F001A8565 /* GFError.swift in Sources */ = {isa = PBXBuildFile; fileRef = 126AE8E92C6DDC1F001A8565 /* GFError.swift */; };
		126AE8EC2C6E0B0F001A8565 /* FollowersCollectionViewCell.swift in Sources */ = {isa = PBXBuildFile; fileRef = 126AE8EB2C6E0B0F001A8565 /* FollowersCollectionViewCell.swift */; };
		126AE8EE2C6E0C1A001A8565 /* GFAvatarImageView.swift in Sources */ = {isa = PBXBuildFile; fileRef = 126AE8ED2C6E0C1A001A8565 /* GFAvatarImageView.swift */; };
		126AE90A2C6F3D66001A8565 /* UIHelper.swift in Sources */ = {isa = PBXBuildFile; fileRef = 126AE9092C6F3D66001A8565 /* UIHelper.swift */; };
		126AE90C2C6F9980001A8565 /* GFEmptyStateView.swift in Sources */ = {isa = PBXBuildFile; fileRef = 126AE90B2C6F9980001A8565 /* GFEmptyStateView.swift */; };
		126AE90F2C71DEF0001A8565 /* UserInfoViewController.swift in Sources */ = {isa = PBXBuildFile; fileRef = 126AE90E2C71DEF0001A8565 /* UserInfoViewController.swift */; };
		126AE9112C71F5C6001A8565 /* GFSecondaryTitleLabel.swift in Sources */ = {isa = PBXBuildFile; fileRef = 126AE9102C71F5C6001A8565 /* GFSecondaryTitleLabel.swift */; };
		126AE9142C71F77B001A8565 /* HeaderViewController.swift in Sources */ = {isa = PBXBuildFile; fileRef = 126AE9132C71F77B001A8565 /* HeaderViewController.swift */; };
		126AE9172C71FEA8001A8565 /* Constants.swift in Sources */ = {isa = PBXBuildFile; fileRef = 126AE9162C71FEA8001A8565 /* Constants.swift */; };
		126AE9192C720DF8001A8565 /* GFItemInfoView.swift in Sources */ = {isa = PBXBuildFile; fileRef = 126AE9182C720DF8001A8565 /* GFItemInfoView.swift */; };
		126AE91B2C72186E001A8565 /* ItemInfoViewController.swift in Sources */ = {isa = PBXBuildFile; fileRef = 126AE91A2C72186E001A8565 /* ItemInfoViewController.swift */; };
		126AE91D2C721AA8001A8565 /* RepoItemViewController.swift in Sources */ = {isa = PBXBuildFile; fileRef = 126AE91C2C721AA8001A8565 /* RepoItemViewController.swift */; };
		126AE91F2C721C3E001A8565 /* FollowerItemViewController.swift in Sources */ = {isa = PBXBuildFile; fileRef = 126AE91E2C721C3E001A8565 /* FollowerItemViewController.swift */; };
		126AE9222C72354D001A8565 /* Date+Ext.swift in Sources */ = {isa = PBXBuildFile; fileRef = 126AE9212C72354D001A8565 /* Date+Ext.swift */; };
		126AE9242C723578001A8565 /* String+Ext.swift in Sources */ = {isa = PBXBuildFile; fileRef = 126AE9232C723578001A8565 /* String+Ext.swift */; };
		12721BC42C66519900E56E53 /* AppDelegate.swift in Sources */ = {isa = PBXBuildFile; fileRef = 12721BC32C66519900E56E53 /* AppDelegate.swift */; };
		12721BC62C66519900E56E53 /* SceneDelegate.swift in Sources */ = {isa = PBXBuildFile; fileRef = 12721BC52C66519900E56E53 /* SceneDelegate.swift */; };
		12721BC82C66519900E56E53 /* SearchViewController.swift in Sources */ = {isa = PBXBuildFile; fileRef = 12721BC72C66519900E56E53 /* SearchViewController.swift */; };
		12721BCE2C66519900E56E53 /* GHFollowers.xcdatamodeld in Sources */ = {isa = PBXBuildFile; fileRef = 12721BCC2C66519900E56E53 /* GHFollowers.xcdatamodeld */; };
		12721BD02C66519B00E56E53 /* Assets.xcassets in Resources */ = {isa = PBXBuildFile; fileRef = 12721BCF2C66519B00E56E53 /* Assets.xcassets */; };
		12721BD32C66519B00E56E53 /* Base in Resources */ = {isa = PBXBuildFile; fileRef = 12721BD22C66519B00E56E53 /* Base */; };
		12721BDE2C66519E00E56E53 /* GHFollowersTests.swift in Sources */ = {isa = PBXBuildFile; fileRef = 12721BDD2C66519E00E56E53 /* GHFollowersTests.swift */; };
		12721BE82C66519E00E56E53 /* GHFollowersUITests.swift in Sources */ = {isa = PBXBuildFile; fileRef = 12721BE72C66519E00E56E53 /* GHFollowersUITests.swift */; };
		12721BEA2C66519E00E56E53 /* GHFollowersUITestsLaunchTests.swift in Sources */ = {isa = PBXBuildFile; fileRef = 12721BE92C66519E00E56E53 /* GHFollowersUITestsLaunchTests.swift */; };
		12721BF92C68A4AB00E56E53 /* Notes.txt in Sources */ = {isa = PBXBuildFile; fileRef = 12721BF82C68A4AB00E56E53 /* Notes.txt */; };
		12721BFD2C68B33100E56E53 /* FavouritesListViewController.swift in Sources */ = {isa = PBXBuildFile; fileRef = 12721BFC2C68B33100E56E53 /* FavouritesListViewController.swift */; };
		12721C002C68B43700E56E53 /* GFTabBarController.swift in Sources */ = {isa = PBXBuildFile; fileRef = 12721BFF2C68B43700E56E53 /* GFTabBarController.swift */; };
		12721C032C69E05100E56E53 /* GFButton.swift in Sources */ = {isa = PBXBuildFile; fileRef = 12721C022C69E05100E56E53 /* GFButton.swift */; };
		12721C052C69E6B800E56E53 /* GFTextField.swift in Sources */ = {isa = PBXBuildFile; fileRef = 12721C042C69E6B800E56E53 /* GFTextField.swift */; };
		12721C082C69EBD500E56E53 /* UIView+Ext.swift in Sources */ = {isa = PBXBuildFile; fileRef = 12721C072C69EBD500E56E53 /* UIView+Ext.swift */; };
		12721C0B2C69F49C00E56E53 /* FollowersListViewController.swift in Sources */ = {isa = PBXBuildFile; fileRef = 12721C0A2C69F49C00E56E53 /* FollowersListViewController.swift */; };
		12721C0D2C6A01DC00E56E53 /* GFTitleLabel.swift in Sources */ = {isa = PBXBuildFile; fileRef = 12721C0C2C6A01DC00E56E53 /* GFTitleLabel.swift */; };
		12721C0F2C6A01EE00E56E53 /* GFBodyLabel.swift in Sources */ = {isa = PBXBuildFile; fileRef = 12721C0E2C6A01EE00E56E53 /* GFBodyLabel.swift */; };
		12721C122C6A03F200E56E53 /* GFAlertViewController.swift in Sources */ = {isa = PBXBuildFile; fileRef = 12721C112C6A03F200E56E53 /* GFAlertViewController.swift */; };
		12721C142C6A39E700E56E53 /* UIViewController+Ext.swift in Sources */ = {isa = PBXBuildFile; fileRef = 12721C132C6A39E700E56E53 /* UIViewController+Ext.swift */; };
/* End PBXBuildFile section */

/* Begin PBXContainerItemProxy section */
		12721BDA2C66519E00E56E53 /* PBXContainerItemProxy */ = {
			isa = PBXContainerItemProxy;
			containerPortal = 12721BB82C66519900E56E53 /* Project object */;
			proxyType = 1;
			remoteGlobalIDString = 12721BBF2C66519900E56E53;
			remoteInfo = GHFollowers;
		};
		12721BE42C66519E00E56E53 /* PBXContainerItemProxy */ = {
			isa = PBXContainerItemProxy;
			containerPortal = 12721BB82C66519900E56E53 /* Project object */;
			proxyType = 1;
			remoteGlobalIDString = 12721BBF2C66519900E56E53;
			remoteInfo = GHFollowers;
		};
/* End PBXContainerItemProxy section */

/* Begin PBXFileReference section */
		126AE8CA2C6B2AC4001A8565 /* SearchViewModal.swift */ = {isa = PBXFileReference; lastKnownFileType = sourcecode.swift; path = SearchViewModal.swift; sourceTree = "<group>"; };
		126AE8CD2C6B30AA001A8565 /* Follower.swift */ = {isa = PBXFileReference; lastKnownFileType = sourcecode.swift; path = Follower.swift; sourceTree = "<group>"; };
		126AE8CF2C6B3188001A8565 /* User.swift */ = {isa = PBXFileReference; lastKnownFileType = sourcecode.swift; path = User.swift; sourceTree = "<group>"; };
		126AE8DB2C6B475B001A8565 /* NetworkManager.swift */ = {isa = PBXFileReference; lastKnownFileType = sourcecode.swift; path = NetworkManager.swift; sourceTree = "<group>"; };
		126AE8E92C6DDC1F001A8565 /* GFError.swift */ = {isa = PBXFileReference; lastKnownFileType = sourcecode.swift; path = GFError.swift; sourceTree = "<group>"; };
		126AE8EB2C6E0B0F001A8565 /* FollowersCollectionViewCell.swift */ = {isa = PBXFileReference; lastKnownFileType = sourcecode.swift; path = FollowersCollectionViewCell.swift; sourceTree = "<group>"; };
		126AE8ED2C6E0C1A001A8565 /* GFAvatarImageView.swift */ = {isa = PBXFileReference; lastKnownFileType = sourcecode.swift; path = GFAvatarImageView.swift; sourceTree = "<group>"; };
		126AE9092C6F3D66001A8565 /* UIHelper.swift */ = {isa = PBXFileReference; lastKnownFileType = sourcecode.swift; path = UIHelper.swift; sourceTree = "<group>"; };
		126AE90B2C6F9980001A8565 /* GFEmptyStateView.swift */ = {isa = PBXFileReference; lastKnownFileType = sourcecode.swift; path = GFEmptyStateView.swift; sourceTree = "<group>"; };
		126AE90E2C71DEF0001A8565 /* UserInfoViewController.swift */ = {isa = PBXFileReference; lastKnownFileType = sourcecode.swift; path = UserInfoViewController.swift; sourceTree = "<group>"; };
		126AE9102C71F5C6001A8565 /* GFSecondaryTitleLabel.swift */ = {isa = PBXFileReference; lastKnownFileType = sourcecode.swift; path = GFSecondaryTitleLabel.swift; sourceTree = "<group>"; };
		126AE9132C71F77B001A8565 /* HeaderViewController.swift */ = {isa = PBXFileReference; lastKnownFileType = sourcecode.swift; path = HeaderViewController.swift; sourceTree = "<group>"; };
		126AE9162C71FEA8001A8565 /* Constants.swift */ = {isa = PBXFileReference; lastKnownFileType = sourcecode.swift; path = Constants.swift; sourceTree = "<group>"; };
		126AE9182C720DF8001A8565 /* GFItemInfoView.swift */ = {isa = PBXFileReference; lastKnownFileType = sourcecode.swift; path = GFItemInfoView.swift; sourceTree = "<group>"; };
		126AE91A2C72186E001A8565 /* ItemInfoViewController.swift */ = {isa = PBXFileReference; lastKnownFileType = sourcecode.swift; path = ItemInfoViewController.swift; sourceTree = "<group>"; };
		126AE91C2C721AA8001A8565 /* RepoItemViewController.swift */ = {isa = PBXFileReference; lastKnownFileType = sourcecode.swift; path = RepoItemViewController.swift; sourceTree = "<group>"; };
		126AE91E2C721C3E001A8565 /* FollowerItemViewController.swift */ = {isa = PBXFileReference; lastKnownFileType = sourcecode.swift; path = FollowerItemViewController.swift; sourceTree = "<group>"; };
		126AE9212C72354D001A8565 /* Date+Ext.swift */ = {isa = PBXFileReference; lastKnownFileType = sourcecode.swift; path = "Date+Ext.swift"; sourceTree = "<group>"; };
		126AE9232C723578001A8565 /* String+Ext.swift */ = {isa = PBXFileReference; lastKnownFileType = sourcecode.swift; path = "String+Ext.swift"; sourceTree = "<group>"; };
		12721BC02C66519900E56E53 /* GHFollowers.app */ = {isa = PBXFileReference; explicitFileType = wrapper.application; includeInIndex = 0; path = GHFollowers.app; sourceTree = BUILT_PRODUCTS_DIR; };
		12721BC32C66519900E56E53 /* AppDelegate.swift */ = {isa = PBXFileReference; lastKnownFileType = sourcecode.swift; path = AppDelegate.swift; sourceTree = "<group>"; };
		12721BC52C66519900E56E53 /* SceneDelegate.swift */ = {isa = PBXFileReference; lastKnownFileType = sourcecode.swift; path = SceneDelegate.swift; sourceTree = "<group>"; };
		12721BC72C66519900E56E53 /* SearchViewController.swift */ = {isa = PBXFileReference; lastKnownFileType = sourcecode.swift; path = SearchViewController.swift; sourceTree = "<group>"; };
		12721BCD2C66519900E56E53 /* GHFollowers.xcdatamodel */ = {isa = PBXFileReference; lastKnownFileType = wrapper.xcdatamodel; path = GHFollowers.xcdatamodel; sourceTree = "<group>"; };
		12721BCF2C66519B00E56E53 /* Assets.xcassets */ = {isa = PBXFileReference; lastKnownFileType = folder.assetcatalog; path = Assets.xcassets; sourceTree = "<group>"; };
		12721BD22C66519B00E56E53 /* Base */ = {isa = PBXFileReference; lastKnownFileType = file.storyboard; name = Base; path = Base.lproj/LaunchScreen.storyboard; sourceTree = "<group>"; };
		12721BD42C66519B00E56E53 /* Info.plist */ = {isa = PBXFileReference; lastKnownFileType = text.plist.xml; path = Info.plist; sourceTree = "<group>"; };
		12721BD92C66519E00E56E53 /* GHFollowersTests.xctest */ = {isa = PBXFileReference; explicitFileType = wrapper.cfbundle; includeInIndex = 0; path = GHFollowersTests.xctest; sourceTree = BUILT_PRODUCTS_DIR; };
		12721BDD2C66519E00E56E53 /* GHFollowersTests.swift */ = {isa = PBXFileReference; lastKnownFileType = sourcecode.swift; path = GHFollowersTests.swift; sourceTree = "<group>"; };
		12721BE32C66519E00E56E53 /* GHFollowersUITests.xctest */ = {isa = PBXFileReference; explicitFileType = wrapper.cfbundle; includeInIndex = 0; path = GHFollowersUITests.xctest; sourceTree = BUILT_PRODUCTS_DIR; };
		12721BE72C66519E00E56E53 /* GHFollowersUITests.swift */ = {isa = PBXFileReference; lastKnownFileType = sourcecode.swift; path = GHFollowersUITests.swift; sourceTree = "<group>"; };
		12721BE92C66519E00E56E53 /* GHFollowersUITestsLaunchTests.swift */ = {isa = PBXFileReference; lastKnownFileType = sourcecode.swift; path = GHFollowersUITestsLaunchTests.swift; sourceTree = "<group>"; };
		12721BF82C68A4AB00E56E53 /* Notes.txt */ = {isa = PBXFileReference; lastKnownFileType = text; path = Notes.txt; sourceTree = "<group>"; };
		12721BFC2C68B33100E56E53 /* FavouritesListViewController.swift */ = {isa = PBXFileReference; lastKnownFileType = sourcecode.swift; path = FavouritesListViewController.swift; sourceTree = "<group>"; };
		12721BFF2C68B43700E56E53 /* GFTabBarController.swift */ = {isa = PBXFileReference; lastKnownFileType = sourcecode.swift; path = GFTabBarController.swift; sourceTree = "<group>"; };
		12721C022C69E05100E56E53 /* GFButton.swift */ = {isa = PBXFileReference; lastKnownFileType = sourcecode.swift; path = GFButton.swift; sourceTree = "<group>"; };
		12721C042C69E6B800E56E53 /* GFTextField.swift */ = {isa = PBXFileReference; lastKnownFileType = sourcecode.swift; path = GFTextField.swift; sourceTree = "<group>"; };
		12721C072C69EBD500E56E53 /* UIView+Ext.swift */ = {isa = PBXFileReference; lastKnownFileType = sourcecode.swift; path = "UIView+Ext.swift"; sourceTree = "<group>"; };
		12721C0A2C69F49C00E56E53 /* FollowersListViewController.swift */ = {isa = PBXFileReference; lastKnownFileType = sourcecode.swift; path = FollowersListViewController.swift; sourceTree = "<group>"; };
		12721C0C2C6A01DC00E56E53 /* GFTitleLabel.swift */ = {isa = PBXFileReference; lastKnownFileType = sourcecode.swift; path = GFTitleLabel.swift; sourceTree = "<group>"; };
		12721C0E2C6A01EE00E56E53 /* GFBodyLabel.swift */ = {isa = PBXFileReference; lastKnownFileType = sourcecode.swift; path = GFBodyLabel.swift; sourceTree = "<group>"; };
		12721C112C6A03F200E56E53 /* GFAlertViewController.swift */ = {isa = PBXFileReference; lastKnownFileType = sourcecode.swift; path = GFAlertViewController.swift; sourceTree = "<group>"; };
		12721C132C6A39E700E56E53 /* UIViewController+Ext.swift */ = {isa = PBXFileReference; lastKnownFileType = sourcecode.swift; path = "UIViewController+Ext.swift"; sourceTree = "<group>"; };
/* End PBXFileReference section */

/* Begin PBXFrameworksBuildPhase section */
		12721BBD2C66519900E56E53 /* Frameworks */ = {
			isa = PBXFrameworksBuildPhase;
			buildActionMask = 2147483647;
			files = (
			);
			runOnlyForDeploymentPostprocessing = 0;
		};
		12721BD62C66519E00E56E53 /* Frameworks */ = {
			isa = PBXFrameworksBuildPhase;
			buildActionMask = 2147483647;
			files = (
			);
			runOnlyForDeploymentPostprocessing = 0;
		};
		12721BE02C66519E00E56E53 /* Frameworks */ = {
			isa = PBXFrameworksBuildPhase;
			buildActionMask = 2147483647;
			files = (
			);
			runOnlyForDeploymentPostprocessing = 0;
		};
/* End PBXFrameworksBuildPhase section */

/* Begin PBXGroup section */
		126AE8CC2C6B2AD1001A8565 /* UserInfo */ = {
			isa = PBXGroup;
			children = (
				126AE8CF2C6B3188001A8565 /* User.swift */,
				126AE90E2C71DEF0001A8565 /* UserInfoViewController.swift */,
				126AE9122C71F61A001A8565 /* ChildControllers */,
			);
			path = UserInfo;
			sourceTree = "<group>";
		};
		126AE8DA2C6B4751001A8565 /* Managers */ = {
			isa = PBXGroup;
			children = (
				126AE8DB2C6B475B001A8565 /* NetworkManager.swift */,
			);
			path = Managers;
			sourceTree = "<group>";
		};
		126AE8E82C6DDC10001A8565 /* Utilities */ = {
			isa = PBXGroup;
			children = (
				126AE8E92C6DDC1F001A8565 /* GFError.swift */,
				126AE9092C6F3D66001A8565 /* UIHelper.swift */,
			);
			path = Utilities;
			sourceTree = "<group>";
		};
		126AE90D2C6F99DA001A8565 /* CustomViews */ = {
			isa = PBXGroup;
			children = (
				126AE8ED2C6E0C1A001A8565 /* GFAvatarImageView.swift */,
				126AE90B2C6F9980001A8565 /* GFEmptyStateView.swift */,
				126AE9182C720DF8001A8565 /* GFItemInfoView.swift */,
			);
			path = CustomViews;
			sourceTree = "<group>";
		};
		126AE9122C71F61A001A8565 /* ChildControllers */ = {
			isa = PBXGroup;
			children = (
				126AE9132C71F77B001A8565 /* HeaderViewController.swift */,
				126AE9202C721CA7001A8565 /* SupportingViewControllers */,
				126AE91A2C72186E001A8565 /* ItemInfoViewController.swift */,
			);
			path = ChildControllers;
			sourceTree = "<group>";
		};
		126AE9152C71FEA0001A8565 /* Constants */ = {
			isa = PBXGroup;
			children = (
				126AE9162C71FEA8001A8565 /* Constants.swift */,
			);
			path = Constants;
			sourceTree = "<group>";
		};
		126AE9202C721CA7001A8565 /* SupportingViewControllers */ = {
			isa = PBXGroup;
			children = (
				126AE91C2C721AA8001A8565 /* RepoItemViewController.swift */,
				126AE91E2C721C3E001A8565 /* FollowerItemViewController.swift */,
			);
			path = SupportingViewControllers;
			sourceTree = "<group>";
		};
		12721BB72C66519900E56E53 = {
			isa = PBXGroup;
			children = (
				12721BF62C68A41500E56E53 /* Resources */,
				12721BF72C68A49C00E56E53 /* Notes */,
				126AE9152C71FEA0001A8565 /* Constants */,
				126AE8E82C6DDC10001A8565 /* Utilities */,
				126AE8DA2C6B4751001A8565 /* Managers */,
				12721C062C69EBC600E56E53 /* Extensions */,
				12721C012C69E01800E56E53 /* UIComponents */,
				126AE90D2C6F99DA001A8565 /* CustomViews */,
				12721BC22C66519900E56E53 /* GHFollowers */,
				12721BFE2C68B36200E56E53 /* TabBar */,
				12721C102C6A03DB00E56E53 /* Alert */,
				12721BFA2C68B2E700E56E53 /* Search */,
				12721C092C69F48A00E56E53 /* Followers */,
				126AE8CC2C6B2AD1001A8565 /* UserInfo */,
				12721BFB2C68B2ED00E56E53 /* Favourites */,
				12721BDC2C66519E00E56E53 /* GHFollowersTests */,
				12721BE62C66519E00E56E53 /* GHFollowersUITests */,
				12721BC12C66519900E56E53 /* Products */,
			);
			sourceTree = "<group>";
		};
		12721BC12C66519900E56E53 /* Products */ = {
			isa = PBXGroup;
			children = (
				12721BC02C66519900E56E53 /* GHFollowers.app */,
				12721BD92C66519E00E56E53 /* GHFollowersTests.xctest */,
				12721BE32C66519E00E56E53 /* GHFollowersUITests.xctest */,
			);
			name = Products;
			sourceTree = "<group>";
		};
		12721BC22C66519900E56E53 /* GHFollowers */ = {
			isa = PBXGroup;
			children = (
				12721BD42C66519B00E56E53 /* Info.plist */,
				12721BCC2C66519900E56E53 /* GHFollowers.xcdatamodeld */,
			);
			path = GHFollowers;
			sourceTree = "<group>";
		};
		12721BDC2C66519E00E56E53 /* GHFollowersTests */ = {
			isa = PBXGroup;
			children = (
				12721BDD2C66519E00E56E53 /* GHFollowersTests.swift */,
			);
			path = GHFollowersTests;
			sourceTree = "<group>";
		};
		12721BE62C66519E00E56E53 /* GHFollowersUITests */ = {
			isa = PBXGroup;
			children = (
				12721BE72C66519E00E56E53 /* GHFollowersUITests.swift */,
				12721BE92C66519E00E56E53 /* GHFollowersUITestsLaunchTests.swift */,
			);
			path = GHFollowersUITests;
			sourceTree = "<group>";
		};
		12721BF62C68A41500E56E53 /* Resources */ = {
			isa = PBXGroup;
			children = (
				12721BC32C66519900E56E53 /* AppDelegate.swift */,
				12721BC52C66519900E56E53 /* SceneDelegate.swift */,
				12721BCF2C66519B00E56E53 /* Assets.xcassets */,
				12721BD12C66519B00E56E53 /* LaunchScreen.storyboard */,
			);
			path = Resources;
			sourceTree = "<group>";
		};
		12721BF72C68A49C00E56E53 /* Notes */ = {
			isa = PBXGroup;
			children = (
				12721BF82C68A4AB00E56E53 /* Notes.txt */,
			);
			path = Notes;
			sourceTree = "<group>";
		};
		12721BFA2C68B2E700E56E53 /* Search */ = {
			isa = PBXGroup;
			children = (
				12721BC72C66519900E56E53 /* SearchViewController.swift */,
				126AE8CA2C6B2AC4001A8565 /* SearchViewModal.swift */,
			);
			path = Search;
			sourceTree = "<group>";
		};
		12721BFB2C68B2ED00E56E53 /* Favourites */ = {
			isa = PBXGroup;
			children = (
				12721BFC2C68B33100E56E53 /* FavouritesListViewController.swift */,
			);
			path = Favourites;
			sourceTree = "<group>";
		};
		12721BFE2C68B36200E56E53 /* TabBar */ = {
			isa = PBXGroup;
			children = (
				12721BFF2C68B43700E56E53 /* GFTabBarController.swift */,
			);
			path = TabBar;
			sourceTree = "<group>";
		};
		12721C012C69E01800E56E53 /* UIComponents */ = {
			isa = PBXGroup;
			children = (
				12721C022C69E05100E56E53 /* GFButton.swift */,
				12721C042C69E6B800E56E53 /* GFTextField.swift */,
				12721C0C2C6A01DC00E56E53 /* GFTitleLabel.swift */,
				126AE9102C71F5C6001A8565 /* GFSecondaryTitleLabel.swift */,
				12721C0E2C6A01EE00E56E53 /* GFBodyLabel.swift */,
			);
			path = UIComponents;
			sourceTree = "<group>";
		};
		12721C062C69EBC600E56E53 /* Extensions */ = {
			isa = PBXGroup;
			children = (
				12721C072C69EBD500E56E53 /* UIView+Ext.swift */,
				12721C132C6A39E700E56E53 /* UIViewController+Ext.swift */,
				126AE9212C72354D001A8565 /* Date+Ext.swift */,
				126AE9232C723578001A8565 /* String+Ext.swift */,
			);
			path = Extensions;
			sourceTree = "<group>";
		};
		12721C092C69F48A00E56E53 /* Followers */ = {
			isa = PBXGroup;
			children = (
				126AE8CD2C6B30AA001A8565 /* Follower.swift */,
				12721C0A2C69F49C00E56E53 /* FollowersListViewController.swift */,
				126AE8EB2C6E0B0F001A8565 /* FollowersCollectionViewCell.swift */,
			);
			path = Followers;
			sourceTree = "<group>";
		};
		12721C102C6A03DB00E56E53 /* Alert */ = {
			isa = PBXGroup;
			children = (
				12721C112C6A03F200E56E53 /* GFAlertViewController.swift */,
			);
			path = Alert;
			sourceTree = "<group>";
		};
/* End PBXGroup section */

/* Begin PBXNativeTarget section */
		12721BBF2C66519900E56E53 /* GHFollowers */ = {
			isa = PBXNativeTarget;
			buildConfigurationList = 12721BED2C66519E00E56E53 /* Build configuration list for PBXNativeTarget "GHFollowers" */;
			buildPhases = (
				12721BBC2C66519900E56E53 /* Sources */,
				12721BBD2C66519900E56E53 /* Frameworks */,
				12721BBE2C66519900E56E53 /* Resources */,
			);
			buildRules = (
			);
			dependencies = (
			);
			name = GHFollowers;
			productName = GHFollowers;
			productReference = 12721BC02C66519900E56E53 /* GHFollowers.app */;
			productType = "com.apple.product-type.application";
		};
		12721BD82C66519E00E56E53 /* GHFollowersTests */ = {
			isa = PBXNativeTarget;
			buildConfigurationList = 12721BF02C66519E00E56E53 /* Build configuration list for PBXNativeTarget "GHFollowersTests" */;
			buildPhases = (
				12721BD52C66519E00E56E53 /* Sources */,
				12721BD62C66519E00E56E53 /* Frameworks */,
				12721BD72C66519E00E56E53 /* Resources */,
			);
			buildRules = (
			);
			dependencies = (
				12721BDB2C66519E00E56E53 /* PBXTargetDependency */,
			);
			name = GHFollowersTests;
			productName = GHFollowersTests;
			productReference = 12721BD92C66519E00E56E53 /* GHFollowersTests.xctest */;
			productType = "com.apple.product-type.bundle.unit-test";
		};
		12721BE22C66519E00E56E53 /* GHFollowersUITests */ = {
			isa = PBXNativeTarget;
			buildConfigurationList = 12721BF32C66519E00E56E53 /* Build configuration list for PBXNativeTarget "GHFollowersUITests" */;
			buildPhases = (
				12721BDF2C66519E00E56E53 /* Sources */,
				12721BE02C66519E00E56E53 /* Frameworks */,
				12721BE12C66519E00E56E53 /* Resources */,
			);
			buildRules = (
			);
			dependencies = (
				12721BE52C66519E00E56E53 /* PBXTargetDependency */,
			);
			name = GHFollowersUITests;
			productName = GHFollowersUITests;
			productReference = 12721BE32C66519E00E56E53 /* GHFollowersUITests.xctest */;
			productType = "com.apple.product-type.bundle.ui-testing";
		};
/* End PBXNativeTarget section */

/* Begin PBXProject section */
		12721BB82C66519900E56E53 /* Project object */ = {
			isa = PBXProject;
			attributes = {
				BuildIndependentTargetsInParallel = 1;
				LastSwiftUpdateCheck = 1540;
				LastUpgradeCheck = 1600;
				TargetAttributes = {
					12721BBF2C66519900E56E53 = {
						CreatedOnToolsVersion = 15.4;
					};
					12721BD82C66519E00E56E53 = {
						CreatedOnToolsVersion = 15.4;
						TestTargetID = 12721BBF2C66519900E56E53;
					};
					12721BE22C66519E00E56E53 = {
						CreatedOnToolsVersion = 15.4;
						TestTargetID = 12721BBF2C66519900E56E53;
					};
				};
			};
			buildConfigurationList = 12721BBB2C66519900E56E53 /* Build configuration list for PBXProject "GHFollowers" */;
			compatibilityVersion = "Xcode 14.0";
			developmentRegion = en;
			hasScannedForEncodings = 0;
			knownRegions = (
				en,
				Base,
			);
			mainGroup = 12721BB72C66519900E56E53;
			productRefGroup = 12721BC12C66519900E56E53 /* Products */;
			projectDirPath = "";
			projectRoot = "";
			targets = (
				12721BBF2C66519900E56E53 /* GHFollowers */,
				12721BD82C66519E00E56E53 /* GHFollowersTests */,
				12721BE22C66519E00E56E53 /* GHFollowersUITests */,
			);
		};
/* End PBXProject section */

/* Begin PBXResourcesBuildPhase section */
		12721BBE2C66519900E56E53 /* Resources */ = {
			isa = PBXResourcesBuildPhase;
			buildActionMask = 2147483647;
			files = (
				12721BD02C66519B00E56E53 /* Assets.xcassets in Resources */,
				12721BD32C66519B00E56E53 /* Base in Resources */,
			);
			runOnlyForDeploymentPostprocessing = 0;
		};
		12721BD72C66519E00E56E53 /* Resources */ = {
			isa = PBXResourcesBuildPhase;
			buildActionMask = 2147483647;
			files = (
			);
			runOnlyForDeploymentPostprocessing = 0;
		};
		12721BE12C66519E00E56E53 /* Resources */ = {
			isa = PBXResourcesBuildPhase;
			buildActionMask = 2147483647;
			files = (
			);
			runOnlyForDeploymentPostprocessing = 0;
		};
/* End PBXResourcesBuildPhase section */

/* Begin PBXSourcesBuildPhase section */
		12721BBC2C66519900E56E53 /* Sources */ = {
			isa = PBXSourcesBuildPhase;
			buildActionMask = 2147483647;
			files = (
				126AE8DC2C6B475B001A8565 /* NetworkManager.swift in Sources */,
				12721C0F2C6A01EE00E56E53 /* GFBodyLabel.swift in Sources */,
				126AE8EE2C6E0C1A001A8565 /* GFAvatarImageView.swift in Sources */,
				12721C0D2C6A01DC00E56E53 /* GFTitleLabel.swift in Sources */,
				12721C142C6A39E700E56E53 /* UIViewController+Ext.swift in Sources */,
				126AE91D2C721AA8001A8565 /* RepoItemViewController.swift in Sources */,
				126AE9222C72354D001A8565 /* Date+Ext.swift in Sources */,
				126AE91F2C721C3E001A8565 /* FollowerItemViewController.swift in Sources */,
				126AE90A2C6F3D66001A8565 /* UIHelper.swift in Sources */,
				12721BFD2C68B33100E56E53 /* FavouritesListViewController.swift in Sources */,
				126AE90F2C71DEF0001A8565 /* UserInfoViewController.swift in Sources */,
				12721BCE2C66519900E56E53 /* GHFollowers.xcdatamodeld in Sources */,
				12721C082C69EBD500E56E53 /* UIView+Ext.swift in Sources */,
				126AE90C2C6F9980001A8565 /* GFEmptyStateView.swift in Sources */,
				126AE9172C71FEA8001A8565 /* Constants.swift in Sources */,
				126AE9112C71F5C6001A8565 /* GFSecondaryTitleLabel.swift in Sources */,
				126AE91B2C72186E001A8565 /* ItemInfoViewController.swift in Sources */,
				12721C0B2C69F49C00E56E53 /* FollowersListViewController.swift in Sources */,
				12721BF92C68A4AB00E56E53 /* Notes.txt in Sources */,
				12721BC82C66519900E56E53 /* SearchViewController.swift in Sources */,
				126AE9242C723578001A8565 /* String+Ext.swift in Sources */,
				126AE8CE2C6B30AA001A8565 /* Follower.swift in Sources */,
				12721C032C69E05100E56E53 /* GFButton.swift in Sources */,
				126AE8EC2C6E0B0F001A8565 /* FollowersCollectionViewCell.swift in Sources */,
				126AE8EA2C6DDC1F001A8565 /* GFError.swift in Sources */,
				126AE9192C720DF8001A8565 /* GFItemInfoView.swift in Sources */,
				12721BC42C66519900E56E53 /* AppDelegate.swift in Sources */,
				12721C122C6A03F200E56E53 /* GFAlertViewController.swift in Sources */,
				12721C052C69E6B800E56E53 /* GFTextField.swift in Sources */,
				126AE8D02C6B3188001A8565 /* User.swift in Sources */,
				12721C002C68B43700E56E53 /* GFTabBarController.swift in Sources */,
				126AE8CB2C6B2AC4001A8565 /* SearchViewModal.swift in Sources */,
				12721BC62C66519900E56E53 /* SceneDelegate.swift in Sources */,
				126AE9142C71F77B001A8565 /* HeaderViewController.swift in Sources */,
			);
			runOnlyForDeploymentPostprocessing = 0;
		};
		12721BD52C66519E00E56E53 /* Sources */ = {
			isa = PBXSourcesBuildPhase;
			buildActionMask = 2147483647;
			files = (
				12721BDE2C66519E00E56E53 /* GHFollowersTests.swift in Sources */,
			);
			runOnlyForDeploymentPostprocessing = 0;
		};
		12721BDF2C66519E00E56E53 /* Sources */ = {
			isa = PBXSourcesBuildPhase;
			buildActionMask = 2147483647;
			files = (
				12721BE82C66519E00E56E53 /* GHFollowersUITests.swift in Sources */,
				12721BEA2C66519E00E56E53 /* GHFollowersUITestsLaunchTests.swift in Sources */,
			);
			runOnlyForDeploymentPostprocessing = 0;
		};
/* End PBXSourcesBuildPhase section */

/* Begin PBXTargetDependency section */
		12721BDB2C66519E00E56E53 /* PBXTargetDependency */ = {
			isa = PBXTargetDependency;
			target = 12721BBF2C66519900E56E53 /* GHFollowers */;
			targetProxy = 12721BDA2C66519E00E56E53 /* PBXContainerItemProxy */;
		};
		12721BE52C66519E00E56E53 /* PBXTargetDependency */ = {
			isa = PBXTargetDependency;
			target = 12721BBF2C66519900E56E53 /* GHFollowers */;
			targetProxy = 12721BE42C66519E00E56E53 /* PBXContainerItemProxy */;
		};
/* End PBXTargetDependency section */

/* Begin PBXVariantGroup section */
		12721BD12C66519B00E56E53 /* LaunchScreen.storyboard */ = {
			isa = PBXVariantGroup;
			children = (
				12721BD22C66519B00E56E53 /* Base */,
			);
			name = LaunchScreen.storyboard;
			sourceTree = "<group>";
		};
/* End PBXVariantGroup section */

/* Begin XCBuildConfiguration section */
		12721BEB2C66519E00E56E53 /* Debug */ = {
			isa = XCBuildConfiguration;
			buildSettings = {
				ALWAYS_SEARCH_USER_PATHS = NO;
				ASSETCATALOG_COMPILER_GENERATE_SWIFT_ASSET_SYMBOL_EXTENSIONS = YES;
				CLANG_ANALYZER_NONNULL = YES;
				CLANG_ANALYZER_NUMBER_OBJECT_CONVERSION = YES_AGGRESSIVE;
				CLANG_CXX_LANGUAGE_STANDARD = "gnu++20";
				CLANG_ENABLE_MODULES = YES;
				CLANG_ENABLE_OBJC_ARC = YES;
				CLANG_ENABLE_OBJC_WEAK = YES;
				CLANG_WARN_BLOCK_CAPTURE_AUTORELEASING = YES;
				CLANG_WARN_BOOL_CONVERSION = YES;
				CLANG_WARN_COMMA = YES;
				CLANG_WARN_CONSTANT_CONVERSION = YES;
				CLANG_WARN_DEPRECATED_OBJC_IMPLEMENTATIONS = YES;
				CLANG_WARN_DIRECT_OBJC_ISA_USAGE = YES_ERROR;
				CLANG_WARN_DOCUMENTATION_COMMENTS = YES;
				CLANG_WARN_EMPTY_BODY = YES;
				CLANG_WARN_ENUM_CONVERSION = YES;
				CLANG_WARN_INFINITE_RECURSION = YES;
				CLANG_WARN_INT_CONVERSION = YES;
				CLANG_WARN_NON_LITERAL_NULL_CONVERSION = YES;
				CLANG_WARN_OBJC_IMPLICIT_RETAIN_SELF = YES;
				CLANG_WARN_OBJC_LITERAL_CONVERSION = YES;
				CLANG_WARN_OBJC_ROOT_CLASS = YES_ERROR;
				CLANG_WARN_QUOTED_INCLUDE_IN_FRAMEWORK_HEADER = YES;
				CLANG_WARN_RANGE_LOOP_ANALYSIS = YES;
				CLANG_WARN_STRICT_PROTOTYPES = YES;
				CLANG_WARN_SUSPICIOUS_MOVE = YES;
				CLANG_WARN_UNGUARDED_AVAILABILITY = YES_AGGRESSIVE;
				CLANG_WARN_UNREACHABLE_CODE = YES;
				CLANG_WARN__DUPLICATE_METHOD_MATCH = YES;
				COPY_PHASE_STRIP = NO;
				DEBUG_INFORMATION_FORMAT = dwarf;
				ENABLE_STRICT_OBJC_MSGSEND = YES;
				ENABLE_TESTABILITY = YES;
				ENABLE_USER_SCRIPT_SANDBOXING = YES;
				GCC_C_LANGUAGE_STANDARD = gnu17;
				GCC_DYNAMIC_NO_PIC = NO;
				GCC_NO_COMMON_BLOCKS = YES;
				GCC_OPTIMIZATION_LEVEL = 0;
				GCC_PREPROCESSOR_DEFINITIONS = (
					"DEBUG=1",
					"$(inherited)",
				);
				GCC_WARN_64_TO_32_BIT_CONVERSION = YES;
				GCC_WARN_ABOUT_RETURN_TYPE = YES_ERROR;
				GCC_WARN_UNDECLARED_SELECTOR = YES;
				GCC_WARN_UNINITIALIZED_AUTOS = YES_AGGRESSIVE;
				GCC_WARN_UNUSED_FUNCTION = YES;
				GCC_WARN_UNUSED_VARIABLE = YES;
				IPHONEOS_DEPLOYMENT_TARGET = 17.5;
				LOCALIZATION_PREFERS_STRING_CATALOGS = YES;
				MTL_ENABLE_DEBUG_INFO = INCLUDE_SOURCE;
				MTL_FAST_MATH = YES;
				ONLY_ACTIVE_ARCH = YES;
				SDKROOT = iphoneos;
				SWIFT_ACTIVE_COMPILATION_CONDITIONS = "DEBUG $(inherited)";
				SWIFT_OPTIMIZATION_LEVEL = "-Onone";
			};
			name = Debug;
		};
		12721BEC2C66519E00E56E53 /* Release */ = {
			isa = XCBuildConfiguration;
			buildSettings = {
				ALWAYS_SEARCH_USER_PATHS = NO;
				ASSETCATALOG_COMPILER_GENERATE_SWIFT_ASSET_SYMBOL_EXTENSIONS = YES;
				CLANG_ANALYZER_NONNULL = YES;
				CLANG_ANALYZER_NUMBER_OBJECT_CONVERSION = YES_AGGRESSIVE;
				CLANG_CXX_LANGUAGE_STANDARD = "gnu++20";
				CLANG_ENABLE_MODULES = YES;
				CLANG_ENABLE_OBJC_ARC = YES;
				CLANG_ENABLE_OBJC_WEAK = YES;
				CLANG_WARN_BLOCK_CAPTURE_AUTORELEASING = YES;
				CLANG_WARN_BOOL_CONVERSION = YES;
				CLANG_WARN_COMMA = YES;
				CLANG_WARN_CONSTANT_CONVERSION = YES;
				CLANG_WARN_DEPRECATED_OBJC_IMPLEMENTATIONS = YES;
				CLANG_WARN_DIRECT_OBJC_ISA_USAGE = YES_ERROR;
				CLANG_WARN_DOCUMENTATION_COMMENTS = YES;
				CLANG_WARN_EMPTY_BODY = YES;
				CLANG_WARN_ENUM_CONVERSION = YES;
				CLANG_WARN_INFINITE_RECURSION = YES;
				CLANG_WARN_INT_CONVERSION = YES;
				CLANG_WARN_NON_LITERAL_NULL_CONVERSION = YES;
				CLANG_WARN_OBJC_IMPLICIT_RETAIN_SELF = YES;
				CLANG_WARN_OBJC_LITERAL_CONVERSION = YES;
				CLANG_WARN_OBJC_ROOT_CLASS = YES_ERROR;
				CLANG_WARN_QUOTED_INCLUDE_IN_FRAMEWORK_HEADER = YES;
				CLANG_WARN_RANGE_LOOP_ANALYSIS = YES;
				CLANG_WARN_STRICT_PROTOTYPES = YES;
				CLANG_WARN_SUSPICIOUS_MOVE = YES;
				CLANG_WARN_UNGUARDED_AVAILABILITY = YES_AGGRESSIVE;
				CLANG_WARN_UNREACHABLE_CODE = YES;
				CLANG_WARN__DUPLICATE_METHOD_MATCH = YES;
				COPY_PHASE_STRIP = NO;
				DEBUG_INFORMATION_FORMAT = "dwarf-with-dsym";
				ENABLE_NS_ASSERTIONS = NO;
				ENABLE_STRICT_OBJC_MSGSEND = YES;
				ENABLE_USER_SCRIPT_SANDBOXING = YES;
				GCC_C_LANGUAGE_STANDARD = gnu17;
				GCC_NO_COMMON_BLOCKS = YES;
				GCC_WARN_64_TO_32_BIT_CONVERSION = YES;
				GCC_WARN_ABOUT_RETURN_TYPE = YES_ERROR;
				GCC_WARN_UNDECLARED_SELECTOR = YES;
				GCC_WARN_UNINITIALIZED_AUTOS = YES_AGGRESSIVE;
				GCC_WARN_UNUSED_FUNCTION = YES;
				GCC_WARN_UNUSED_VARIABLE = YES;
				IPHONEOS_DEPLOYMENT_TARGET = 17.5;
				LOCALIZATION_PREFERS_STRING_CATALOGS = YES;
				MTL_ENABLE_DEBUG_INFO = NO;
				MTL_FAST_MATH = YES;
				SDKROOT = iphoneos;
				SWIFT_COMPILATION_MODE = wholemodule;
				VALIDATE_PRODUCT = YES;
			};
			name = Release;
		};
		12721BEE2C66519E00E56E53 /* Debug */ = {
			isa = XCBuildConfiguration;
			buildSettings = {
				ASSETCATALOG_COMPILER_APPICON_NAME = AppIcon;
				ASSETCATALOG_COMPILER_GLOBAL_ACCENT_COLOR_NAME = AccentColor;
				CODE_SIGN_STYLE = Automatic;
				CURRENT_PROJECT_VERSION = 1;
				DEVELOPMENT_TEAM = W46VRGWQXB;
				GENERATE_INFOPLIST_FILE = YES;
				INFOPLIST_FILE = GHFollowers/Info.plist;
				INFOPLIST_KEY_CFBundleDisplayName = "GitHub Followers";
				INFOPLIST_KEY_UIApplicationSupportsIndirectInputEvents = YES;
				INFOPLIST_KEY_UILaunchStoryboardName = LaunchScreen;
				INFOPLIST_KEY_UIStatusBarStyle = "";
				INFOPLIST_KEY_UISupportedInterfaceOrientations = UIInterfaceOrientationPortrait;
				INFOPLIST_KEY_UISupportedInterfaceOrientations_iPad = "UIInterfaceOrientationLandscapeLeft UIInterfaceOrientationLandscapeRight UIInterfaceOrientationPortrait UIInterfaceOrientationPortraitUpsideDown";
				IPHONEOS_DEPLOYMENT_TARGET = 15.0;
				LD_RUNPATH_SEARCH_PATHS = (
					"$(inherited)",
					"@executable_path/Frameworks",
				);
				MARKETING_VERSION = 1.0;
				PRODUCT_BUNDLE_IDENTIFIER = com.janviarora.GHFollowers;
				PRODUCT_NAME = "$(TARGET_NAME)";
				SUPPORTED_PLATFORMS = "iphoneos iphonesimulator";
				SUPPORTS_MACCATALYST = NO;
				SUPPORTS_MAC_DESIGNED_FOR_IPHONE_IPAD = NO;
				SUPPORTS_XR_DESIGNED_FOR_IPHONE_IPAD = NO;
				SWIFT_EMIT_LOC_STRINGS = YES;
				SWIFT_VERSION = 5.0;
				TARGETED_DEVICE_FAMILY = 1;
			};
			name = Debug;
		};
		12721BEF2C66519E00E56E53 /* Release */ = {
			isa = XCBuildConfiguration;
			buildSettings = {
				ASSETCATALOG_COMPILER_APPICON_NAME = AppIcon;
				ASSETCATALOG_COMPILER_GLOBAL_ACCENT_COLOR_NAME = AccentColor;
				CODE_SIGN_STYLE = Automatic;
				CURRENT_PROJECT_VERSION = 1;
				DEVELOPMENT_TEAM = W46VRGWQXB;
				GENERATE_INFOPLIST_FILE = YES;
				INFOPLIST_FILE = GHFollowers/Info.plist;
				INFOPLIST_KEY_CFBundleDisplayName = "GitHub Followers";
				INFOPLIST_KEY_UIApplicationSupportsIndirectInputEvents = YES;
				INFOPLIST_KEY_UILaunchStoryboardName = LaunchScreen;
				INFOPLIST_KEY_UIStatusBarStyle = "";
				INFOPLIST_KEY_UISupportedInterfaceOrientations = UIInterfaceOrientationPortrait;
				INFOPLIST_KEY_UISupportedInterfaceOrientations_iPad = "UIInterfaceOrientationLandscapeLeft UIInterfaceOrientationLandscapeRight UIInterfaceOrientationPortrait UIInterfaceOrientationPortraitUpsideDown";
				IPHONEOS_DEPLOYMENT_TARGET = 15.0;
				LD_RUNPATH_SEARCH_PATHS = (
					"$(inherited)",
					"@executable_path/Frameworks",
				);
				MARKETING_VERSION = 1.0;
				PRODUCT_BUNDLE_IDENTIFIER = com.janviarora.GHFollowers;
				PRODUCT_NAME = "$(TARGET_NAME)";
				SUPPORTED_PLATFORMS = "iphoneos iphonesimulator";
				SUPPORTS_MACCATALYST = NO;
				SUPPORTS_MAC_DESIGNED_FOR_IPHONE_IPAD = NO;
				SUPPORTS_XR_DESIGNED_FOR_IPHONE_IPAD = NO;
				SWIFT_EMIT_LOC_STRINGS = YES;
				SWIFT_VERSION = 5.0;
				TARGETED_DEVICE_FAMILY = 1;
			};
			name = Release;
		};
		12721BF12C66519E00E56E53 /* Debug */ = {
			isa = XCBuildConfiguration;
			buildSettings = {
				BUNDLE_LOADER = "$(TEST_HOST)";
				CODE_SIGN_STYLE = Automatic;
				CURRENT_PROJECT_VERSION = 1;
				DEVELOPMENT_TEAM = W46VRGWQXB;
				GENERATE_INFOPLIST_FILE = YES;
				IPHONEOS_DEPLOYMENT_TARGET = 17.5;
				MARKETING_VERSION = 1.0;
				PRODUCT_BUNDLE_IDENTIFIER = com.janviarora.GHFollowersTests;
				PRODUCT_NAME = "$(TARGET_NAME)";
				SWIFT_EMIT_LOC_STRINGS = NO;
				SWIFT_VERSION = 5.0;
				TARGETED_DEVICE_FAMILY = "1,2";
				TEST_HOST = "$(BUILT_PRODUCTS_DIR)/GHFollowers.app/$(BUNDLE_EXECUTABLE_FOLDER_PATH)/GHFollowers";
			};
			name = Debug;
		};
		12721BF22C66519E00E56E53 /* Release */ = {
			isa = XCBuildConfiguration;
			buildSettings = {
				BUNDLE_LOADER = "$(TEST_HOST)";
				CODE_SIGN_STYLE = Automatic;
				CURRENT_PROJECT_VERSION = 1;
				DEVELOPMENT_TEAM = W46VRGWQXB;
				GENERATE_INFOPLIST_FILE = YES;
				IPHONEOS_DEPLOYMENT_TARGET = 17.5;
				MARKETING_VERSION = 1.0;
				PRODUCT_BUNDLE_IDENTIFIER = com.janviarora.GHFollowersTests;
				PRODUCT_NAME = "$(TARGET_NAME)";
				SWIFT_EMIT_LOC_STRINGS = NO;
				SWIFT_VERSION = 5.0;
				TARGETED_DEVICE_FAMILY = "1,2";
				TEST_HOST = "$(BUILT_PRODUCTS_DIR)/GHFollowers.app/$(BUNDLE_EXECUTABLE_FOLDER_PATH)/GHFollowers";
			};
			name = Release;
		};
		12721BF42C66519E00E56E53 /* Debug */ = {
			isa = XCBuildConfiguration;
			buildSettings = {
				CODE_SIGN_STYLE = Automatic;
				CURRENT_PROJECT_VERSION = 1;
				DEVELOPMENT_TEAM = W46VRGWQXB;
				GENERATE_INFOPLIST_FILE = YES;
				MARKETING_VERSION = 1.0;
				PRODUCT_BUNDLE_IDENTIFIER = com.janviarora.GHFollowersUITests;
				PRODUCT_NAME = "$(TARGET_NAME)";
				SWIFT_EMIT_LOC_STRINGS = NO;
				SWIFT_VERSION = 5.0;
				TARGETED_DEVICE_FAMILY = "1,2";
				TEST_TARGET_NAME = GHFollowers;
			};
			name = Debug;
		};
		12721BF52C66519E00E56E53 /* Release */ = {
			isa = XCBuildConfiguration;
			buildSettings = {
				CODE_SIGN_STYLE = Automatic;
				CURRENT_PROJECT_VERSION = 1;
				DEVELOPMENT_TEAM = W46VRGWQXB;
				GENERATE_INFOPLIST_FILE = YES;
				MARKETING_VERSION = 1.0;
				PRODUCT_BUNDLE_IDENTIFIER = com.janviarora.GHFollowersUITests;
				PRODUCT_NAME = "$(TARGET_NAME)";
				SWIFT_EMIT_LOC_STRINGS = NO;
				SWIFT_VERSION = 5.0;
				TARGETED_DEVICE_FAMILY = "1,2";
				TEST_TARGET_NAME = GHFollowers;
			};
			name = Release;
		};
/* End XCBuildConfiguration section */

/* Begin XCConfigurationList section */
		12721BBB2C66519900E56E53 /* Build configuration list for PBXProject "GHFollowers" */ = {
			isa = XCConfigurationList;
			buildConfigurations = (
				12721BEB2C66519E00E56E53 /* Debug */,
				12721BEC2C66519E00E56E53 /* Release */,
			);
			defaultConfigurationIsVisible = 0;
			defaultConfigurationName = Release;
		};
		12721BED2C66519E00E56E53 /* Build configuration list for PBXNativeTarget "GHFollowers" */ = {
			isa = XCConfigurationList;
			buildConfigurations = (
				12721BEE2C66519E00E56E53 /* Debug */,
				12721BEF2C66519E00E56E53 /* Release */,
			);
			defaultConfigurationIsVisible = 0;
			defaultConfigurationName = Release;
		};
		12721BF02C66519E00E56E53 /* Build configuration list for PBXNativeTarget "GHFollowersTests" */ = {
			isa = XCConfigurationList;
			buildConfigurations = (
				12721BF12C66519E00E56E53 /* Debug */,
				12721BF22C66519E00E56E53 /* Release */,
			);
			defaultConfigurationIsVisible = 0;
			defaultConfigurationName = Release;
		};
		12721BF32C66519E00E56E53 /* Build configuration list for PBXNativeTarget "GHFollowersUITests" */ = {
			isa = XCConfigurationList;
			buildConfigurations = (
				12721BF42C66519E00E56E53 /* Debug */,
				12721BF52C66519E00E56E53 /* Release */,
			);
			defaultConfigurationIsVisible = 0;
			defaultConfigurationName = Release;
		};
/* End XCConfigurationList section */

/* Begin XCVersionGroup section */
		12721BCC2C66519900E56E53 /* GHFollowers.xcdatamodeld */ = {
			isa = XCVersionGroup;
			children = (
				12721BCD2C66519900E56E53 /* GHFollowers.xcdatamodel */,
			);
			currentVersion = 12721BCD2C66519900E56E53 /* GHFollowers.xcdatamodel */;
			path = GHFollowers.xcdatamodeld;
			sourceTree = "<group>";
			versionGroupType = wrapper.xcdatamodel;
		};
/* End XCVersionGroup section */
	};
	rootObject = 12721BB82C66519900E56E53 /* Project object */;
}
